version = 1
requires-python = ">=3.11"

[[package]]
name = "stocky-openenv"
version = "1.0.0"
source = { editable = "." }
dependencies = [
  { name = "fastapi" },
  { name = "uvicorn", extra = ["standard"] },
  { name = "pydantic" },
  { name = "httpx" },
  { name = "openenv-core" },
]

[package.optional-dependencies]
live = [
  { name = "groq" },
  { name = "yfinance" },
  { name = "openai" },
]

[package.metadata]
requires-dist = [
  { name = "fastapi", specifier = ">=0.110.0" },
  { name = "uvicorn", extras = ["standard"], specifier = ">=0.29.0" },
  { name = "pydantic", specifier = ">=2.0.0" },
  { name = "httpx", specifier = ">=0.27.0" },
  { name = "openenv-core", specifier = ">=0.2.0" },
]
